// !$*UTF8*$!
{
	archiveVersion = 1;
	classes = {
	};
	objectVersion = 46;
	objects = {

/* Begin PBXBuildFile section */
		2D0F0F581EB1C57E009213B0 /* main.cpp in Sources */ = {isa = PBXBuildFile; fileRef = 2D0F0F571EB1C57E009213B0 /* main.cpp */; };
		2D0F0F601EB1C5CA009213B0 /* OpenGL.framework in Frameworks */ = {isa = PBXBuildFile; fileRef = 2D0F0F5F1EB1C5CA009213B0 /* OpenGL.framework */; };
		2D0F0F621EB1C5D6009213B0 /* GLUT.framework in Frameworks */ = {isa = PBXBuildFile; fileRef = 2D0F0F611EB1C5D6009213B0 /* GLUT.framework */; };
/* End PBXBuildFile section */

/* Begin PBXCopyFilesBuildPhase section */
		2D0F0F521EB1C57E009213B0 /* CopyFiles */ = {
			isa = PBXCopyFilesBuildPhase;
			buildActionMask = 2147483647;
			dstPath = /usr/share/man/man1/;
			dstSubfolderSpec = 0;
			files = (
			);
			runOnlyForDeploymentPostprocessing = 1;
		};
/* End PBXCopyFilesBuildPhase section */

/* Begin PBXFileReference section */
		2D0F0F541EB1C57E009213B0 /* Rebecca */ = {isa = PBXFileReference; explicitFileType = "compiled.mach-o.executable"; includeInIndex = 0; path = Rebecca; sourceTree = BUILT_PRODUCTS_DIR; };
		2D0F0F571EB1C57E009213B0 /* main.cpp */ = {isa = PBXFileReference; lastKnownFileType = sourcecode.cpp.cpp; path = main.cpp; sourceTree = "<group>"; };
		2D0F0F5F1EB1C5CA009213B0 /* OpenGL.framework */ = {isa = PBXFileReference; lastKnownFileType = wrapper.framework; name = OpenGL.framework; path = System/Library/Frameworks/OpenGL.framework; sourceTree = SDKROOT; };
		2D0F0F611EB1C5D6009213B0 /* GLUT.framework */ = {isa = PBXFileReference; lastKnownFileType = wrapper.framework; name = GLUT.framework; path = System/Library/Frameworks/GLUT.framework; sourceTree = SDKROOT; };
/* End PBXFileReference section */

/* Begin PBXFrameworksBuildPhase section */
		2D0F0F511EB1C57E009213B0 /* Frameworks */ = {
			isa = PBXFrameworksBuildPhase;
			buildActionMask = 2147483647;
			files = (
				2D0F0F621EB1C5D6009213B0 /* GLUT.framework in Frameworks */,
				2D0F0F601EB1C5CA009213B0 /* OpenGL.framework in Frameworks */,
			);
			runOnlyForDeploymentPostprocessing = 0;
		};
/* End PBXFrameworksBuildPhase section */

/* Begin PBXGroup section */
		2D0F0F4B1EB1C57E009213B0 = {
			isa = PBXGroup;
			children = (
				2D0F0F561EB1C57E009213B0 /* Rebecca */,
				2D0F0F551EB1C57E009213B0 /* Products */,
				2D0F0F5E1EB1C5CA009213B0 /* Frameworks */,
			);
			sourceTree = "<group>";
		};
		2D0F0F551EB1C57E009213B0 /* Products */ = {
			isa = PBXGroup;
			children = (
				2D0F0F541EB1C57E009213B0 /* Rebecca */,
			);
			name = Products;
			sourceTree = "<group>";
		};
		2D0F0F561EB1C57E009213B0 /* Rebecca */ = {
			isa = PBXGroup;
			children = (
				2D0F0F571EB1C57E009213B0 /* main.cpp */,
			);
			path = Rebecca;
			sourceTree = "<group>";
		};
		2D0F0F5E1EB1C5CA009213B0 /* Frameworks */ = {
			isa = PBXGroup;
			children = (
				2D0F0F611EB1C5D6009213B0 /* GLUT.framework */,
				2D0F0F5F1EB1C5CA009213B0 /* OpenGL.framework */,
			);
			name = Frameworks;
			sourceTree = "<group>";
		};
/* End PBXGroup section */

/* Begin PBXNativeTarget section */
		2D0F0F531EB1C57E009213B0 /* Rebecca */ = {
			isa = PBXNativeTarget;
			buildConfigurationList = 2D0F0F5B1EB1C57E009213B0 /* Build configuration list for PBXNativeTarget "Rebecca" */;
			buildPhases = (
				2D0F0F501EB1C57E009213B0 /* Sources */,
				2D0F0F511EB1C57E009213B0 /* Frameworks */,
				2D0F0F521EB1C57E009213B0 /* CopyFiles */,
			);
			buildRules = (
			);
			dependencies = (
			);
			name = Rebecca;
			productName = Rebecca;
			productReference = 2D0F0F541EB1C57E009213B0 /* Rebecca */;
			productType = "com.apple.product-type.tool";
		};
/* End PBXNativeTarget section */

/* Begin PBXProject section */
		2D0F0F4C1EB1C57E009213B0 /* Project object */ = {
			isa = PBXProject;
			attributes = {
				LastUpgradeCheck = 0810;
				ORGANIZATIONNAME = meriy100;
				TargetAttributes = {
					2D0F0F531EB1C57E009213B0 = {
						CreatedOnToolsVersion = 8.1;
						ProvisioningStyle = Automatic;
					};
				};
			};
			buildConfigurationList = 2D0F0F4F1EB1C57E009213B0 /* Build configuration list for PBXProject "Rebecca" */;
			compatibilityVersion = "Xcode 3.2";
			developmentRegion = English;
			hasScannedForEncodings = 0;
			knownRegions = (
				en,
			);
			mainGroup = 2D0F0F4B1EB1C57E009213B0;
			productRefGroup = 2D0F0F551EB1C57E009213B0 /* Products */;
			projectDirPath = "";
			projectRoot = "";
			targets = (
				2D0F0F531EB1C57E009213B0 /* Rebecca */,
			);
		};
/* End PBXProject section */

/* Begin PBXSourcesBuildPhase section */
		2D0F0F501EB1C57E009213B0 /* Sources */ = {
			isa = PBXSourcesBuildPhase;
			buildActionMask = 2147483647;
			files = (
				2D0F0F581EB1C57E009213B0 /* main.cpp in Sources */,
			);
			runOnlyForDeploymentPostprocessing = 0;
		};
/* End PBXSourcesBuildPhase section */

/* Begin XCBuildConfiguration section */
		2D0F0F591EB1C57E009213B0 /* Debug */ = {
			isa = XCBuildConfiguration;
			buildSettings = {
				ALWAYS_SEARCH_USER_PATHS = NO;
				CLANG_ANALYZER_NONNULL = YES;
				CLANG_CXX_LANGUAGE_STANDARD = "gnu++0x";
				CLANG_CXX_LIBRARY = "libc++";
				CLANG_ENABLE_MODULES = YES;
				CLANG_ENABLE_OBJC_ARC = YES;
				CLANG_WARN_BOOL_CONVERSION = YES;
				CLANG_WARN_CONSTANT_CONVERSION = YES;
				CLANG_WARN_DIRECT_OBJC_ISA_USAGE = YES_ERROR;
				CLANG_WARN_DOCUMENTATION_COMMENTS = YES;
				CLANG_WARN_EMPTY_BODY = YES;
				CLANG_WARN_ENUM_CONVERSION = YES;
				CLANG_WARN_INFINITE_RECURSION = YES;
				CLANG_WARN_INT_CONVERSION = YES;
				CLANG_WARN_OBJC_ROOT_CLASS = YES_ERROR;
				CLANG_WARN_SUSPICIOUS_MOVES = YES;
				CLANG_WARN_UNREACHABLE_CODE = YES;
				CLANG_WARN__DUPLICATE_METHOD_MATCH = YES;
				CODE_SIGN_IDENTITY = "-";
				COPY_PHASE_STRIP = NO;
				DEBUG_INFORMATION_FORMAT = dwarf;
				ENABLE_STRICT_OBJC_MSGSEND = YES;
				ENABLE_TESTABILITY = YES;
				GCC_C_LANGUAGE_STANDARD = gnu99;
				GCC_DYNAMIC_NO_PIC = NO;
				GCC_NO_COMMON_BLOCKS = YES;
				GCC_OPTIMIZATION_LEVEL = 0;
				GCC_PREPROCESSOR_DEFINITIONS = (
					"DEBUG=1",
					"$(inherited)",
				);
				GCC_WARN_64_TO_32_BIT_CONVERSION = YES;
				GCC_WARN_ABOUT_RETURN_TYPE = YES_ERROR;
				GCC_WARN_UNDECLARED_SELECTOR = YES;
				GCC_WARN_UNINITIALIZED_AUTOS = YES_AGGRESSIVE;
				GCC_WARN_UNUSED_FUNCTION = YES;
				GCC_WARN_UNUSED_VARIABLE = YES;
				MACOSX_DEPLOYMENT_TARGET = 10.11;
				MTL_ENABLE_DEBUG_INFO = YES;
				ONLY_ACTIVE_ARCH = YES;
				SDKROOT = macosx;
			};
			name = Debug;
		};
		2D0F0F5A1EB1C57E009213B0 /* Release */ = {
			isa = XCBuildConfiguration;
			buildSettings = {
				ALWAYS_SEARCH_USER_PATHS = NO;
				CLANG_ANALYZER_NONNULL = YES;
				CLANG_CXX_LANGUAGE_STANDARD = "gnu++0x";
				CLANG_CXX_LIBRARY = "libc++";
				CLANG_ENABLE_MODULES = YES;
				CLANG_ENABLE_OBJC_ARC = YES;
				CLANG_WARN_BOOL_CONVERSION = YES;
				CLANG_WARN_CONSTANT_CONVERSION = YES;
				CLANG_WARN_DIRECT_OBJC_ISA_USAGE = YES_ERROR;
				CLANG_WARN_DOCUMENTATION_COMMENTS = YES;
				CLANG_WARN_EMPTY_BODY = YES;
				CLANG_WARN_ENUM_CONVERSION = YES;
				CLANG_WARN_INFINITE_RECURSION = YES;
				CLANG_WARN_INT_CONVERSION = YES;
				CLANG_WARN_OBJC_ROOT_CLASS = YES_ERROR;
				CLANG_WARN_SUSPICIOUS_MOVES = YES;
				CLANG_WARN_UNREACHABLE_CODE = YES;
				CLANG_WARN__DUPLICATE_METHOD_MATCH = YES;
				CODE_SIGN_IDENTITY = "-";
				COPY_PHASE_STRIP = NO;
				DEBUG_INFORMATION_FORMAT = "dwarf-with-dsym";
				ENABLE_NS_ASSERTIONS = NO;
				ENABLE_STRICT_OBJC_MSGSEND = YES;
				GCC_C_LANGUAGE_STANDARD = gnu99;
				GCC_NO_COMMON_BLOCKS = YES;
				GCC_WARN_64_TO_32_BIT_CONVERSION = YES;
				GCC_WARN_ABOUT_RETURN_TYPE = YES_ERROR;
				GCC_WARN_UNDECLARED_SELECTOR = YES;
				GCC_WARN_UNINITIALIZED_AUTOS = YES_AGGRESSIVE;
				GCC_WARN_UNUSED_FUNCTION = YES;
				GCC_WARN_UNUSED_VARIABLE = YES;
				MACOSX_DEPLOYMENT_TARGET = 10.11;
				MTL_ENABLE_DEBUG_INFO = NO;
				SDKROOT = macosx;
			};
			name = Release;
		};
		2D0F0F5C1EB1C57E009213B0 /* Debug */ = {
			isa = XCBuildConfiguration;
			buildSettings = {
				PRODUCT_NAME = "$(TARGET_NAME)";
			};
			name = Debug;
		};
		2D0F0F5D1EB1C57E009213B0 /* Release */ = {
			isa = XCBuildConfiguration;
			buildSettings = {
				PRODUCT_NAME = "$(TARGET_NAME)";
			};
			name = Release;
		};
/* End XCBuildConfiguration section */

/* Begin XCConfigurationList section */
		2D0F0F4F1EB1C57E009213B0 /* Build configuration list for PBXProject "Rebecca" */ = {
			isa = XCConfigurationList;
			buildConfigurations = (
				2D0F0F591EB1C57E009213B0 /* Debug */,
				2D0F0F5A1EB1C57E009213B0 /* Release */,
			);
			defaultConfigurationIsVisible = 0;
			defaultConfigurationName = Release;
		};
		2D0F0F5B1EB1C57E009213B0 /* Build configuration list for PBXNativeTarget "Rebecca" */ = {
			isa = XCConfigurationList;
			buildConfigurations = (
				2D0F0F5C1EB1C57E009213B0 /* Debug */,
				2D0F0F5D1EB1C57E009213B0 /* Release */,
			);
			defaultConfigurationIsVisible = 0;
		};
/* End XCConfigurationList section */
	};
	rootObject = 2D0F0F4C1EB1C57E009213B0 /* Project object */;
}
